
Microsoft Visual Studio Solution File, Format Version 12.00
# Visual Studio Version 17
VisualStudioVersion = 17.7.34221.43
MinimumVisualStudioVersion = 10.0.40219.1
Project("{FAE04EC0-301F-11D3-BF4B-00C04F79EFBC}") = "Editor", "Editor\Editor.csproj", "{D0746A19-CD56-4401-8B68-0F872B58D7C0}"
EndProject
Project("{8BC9CEB8-8B4A-11D0-8D11-00A0C91BC942}") = "App", "App\App.vcxproj", "{99DD931B-8B11-421D-9A7D-477A5D6152DB}"
EndProject
Project("{8BC9CEB8-8B4A-11D0-8D11-00A0C91BC942}") = "Engine", "Engine\Engine.vcxproj", "{4F6086B3-2490-4854-A736-C5EA66815707}"
EndProject
Project("{8BC9CEB8-8B4A-11D0-8D11-00A0C91BC942}") = "OnyxCLR", "OnyxCLR\OnyxCLR.vcxproj", "{2E653BB9-45B8-4FF2-906F-DB995A2CE937}"
EndProject
Project("{8BC9CEB8-8B4A-11D0-8D11-00A0C91BC942}") = "owm", "owm\owm.vcxproj", "{3D3A43A1-972F-423D-A96C-A3F61ABB8B11}"
EndProject
Project("{2150E333-8FDC-42A3-9474-1A3956D46DE8}") = "_GENERIC_CODE", "_GENERIC_CODE", "{C99314B7-6100-4363-975D-1BDA5848B876}"
	ProjectSection(SolutionItems) = preProject
		_GENERIC_CODE\api.h = _GENERIC_CODE\api.h
		_GENERIC_CODE\ConvertChars.h = _GENERIC_CODE\ConvertChars.h
		_GENERIC_CODE\defs.h = _GENERIC_CODE\defs.h
		_GENERIC_CODE\OMath.h = _GENERIC_CODE\OMath.h
		_GENERIC_CODE\WindowCallback.cpp = _GENERIC_CODE\WindowCallback.cpp
		_GENERIC_CODE\WindowCallback.h = _GENERIC_CODE\WindowCallback.h
	EndProjectSection
EndProject
Project("{FAE04EC0-301F-11D3-BF4B-00C04F79EFBC}") = "Game", "Game\Game.csproj", "{1430ACF8-B1A2-4479-995A-245543415A95}"
EndProject
Project("{8BC9CEB8-8B4A-11D0-8D11-00A0C91BC942}") = "oapi", "oapi\oapi.vcxproj", "{A02F5D1C-65CE-47A0-B074-772379184D56}"
EndProject
Project("{8BC9CEB8-8B4A-11D0-8D11-00A0C91BC942}") = "SteamWorks", "SteamWorks\SteamWorks.vcxproj", "{8D5AAEBF-D4F1-4C4F-BFA3-676CE7FAA5ED}"
EndProject
Project("{FAE04EC0-301F-11D3-BF4B-00C04F79EFBC}") = "OSharp", "OSharp\OSharp.csproj", "{009E8E01-DDCD-4FFA-B9A3-62F1083AE0D9}"
EndProject
Project("{FAE04EC0-301F-11D3-BF4B-00C04F79EFBC}") = "OnyxSDK", "OnyxSDK\OnyxSDK.csproj", "{5925BE62-7E52-412C-A183-6ABCBCE5D7A0}"
EndProject
Project("{8BC9CEB8-8B4A-11D0-8D11-00A0C91BC942}") = "OnyxDemo", "OnyxDemo\OnyxDemo.vcxproj", "{2D90A129-3B67-435C-87B0-66DAD73EF2EB}"
EndProject
Project("{FAE04EC0-301F-11D3-BF4B-00C04F79EFBC}") = "SpriteFontTool", "SpriteFontTool\SpriteFontTool.csproj", "{47916B0F-D400-453A-BA53-455CFC88C99F}"
EndProject
Project("{8BC9CEB8-8B4A-11D0-8D11-00A0C91BC942}") = "OPlus", "OPlus\OPlus.vcxproj", "{07D10BE2-50A7-470D-9327-8BBDC17CF7B7}"
EndProject
Project("{8BC9CEB8-8B4A-11D0-8D11-00A0C91BC942}") = "XAMLhud", "XAMLhud\XAMLhud.vcxproj", "{8A2DB87B-4B9A-49E2-9685-D9A31C1D2880}"
EndProject
Global
	GlobalSection(SolutionConfigurationPlatforms) = preSolution
		Debug|Any CPU = Debug|Any CPU
		Debug|x64 = Debug|x64
		Debug|x86 = Debug|x86
		Release|Any CPU = Release|Any CPU
		Release|x64 = Release|x64
		Release|x86 = Release|x86
	EndGlobalSection
	GlobalSection(ProjectConfigurationPlatforms) = postSolution
		{D0746A19-CD56-4401-8B68-0F872B58D7C0}.Debug|Any CPU.ActiveCfg = Debug|Any CPU
		{D0746A19-CD56-4401-8B68-0F872B58D7C0}.Debug|Any CPU.Build.0 = Debug|Any CPU
		{D0746A19-CD56-4401-8B68-0F872B58D7C0}.Debug|x64.ActiveCfg = Debug|Any CPU
		{D0746A19-CD56-4401-8B68-0F872B58D7C0}.Debug|x64.Build.0 = Debug|Any CPU
		{D0746A19-CD56-4401-8B68-0F872B58D7C0}.Debug|x86.ActiveCfg = Debug|Any CPU
		{D0746A19-CD56-4401-8B68-0F872B58D7C0}.Debug|x86.Build.0 = Debug|Any CPU
		{D0746A19-CD56-4401-8B68-0F872B58D7C0}.Release|Any CPU.ActiveCfg = Release|Any CPU
		{D0746A19-CD56-4401-8B68-0F872B58D7C0}.Release|Any CPU.Build.0 = Release|Any CPU
		{D0746A19-CD56-4401-8B68-0F872B58D7C0}.Release|x64.ActiveCfg = Release|Any CPU
		{D0746A19-CD56-4401-8B68-0F872B58D7C0}.Release|x64.Build.0 = Release|Any CPU
		{D0746A19-CD56-4401-8B68-0F872B58D7C0}.Release|x86.ActiveCfg = Release|Any CPU
		{D0746A19-CD56-4401-8B68-0F872B58D7C0}.Release|x86.Build.0 = Release|Any CPU
		{99DD931B-8B11-421D-9A7D-477A5D6152DB}.Debug|Any CPU.ActiveCfg = Debug|x64
		{99DD931B-8B11-421D-9A7D-477A5D6152DB}.Debug|Any CPU.Build.0 = Debug|x64
		{99DD931B-8B11-421D-9A7D-477A5D6152DB}.Debug|x64.ActiveCfg = Debug|x64
		{99DD931B-8B11-421D-9A7D-477A5D6152DB}.Debug|x64.Build.0 = Debug|x64
		{99DD931B-8B11-421D-9A7D-477A5D6152DB}.Debug|x86.ActiveCfg = Debug|Win32
		{99DD931B-8B11-421D-9A7D-477A5D6152DB}.Debug|x86.Build.0 = Debug|Win32
		{99DD931B-8B11-421D-9A7D-477A5D6152DB}.Release|Any CPU.ActiveCfg = Release|x64
		{99DD931B-8B11-421D-9A7D-477A5D6152DB}.Release|Any CPU.Build.0 = Release|x64
		{99DD931B-8B11-421D-9A7D-477A5D6152DB}.Release|x64.ActiveCfg = Release|x64
		{99DD931B-8B11-421D-9A7D-477A5D6152DB}.Release|x64.Build.0 = Release|x64
		{99DD931B-8B11-421D-9A7D-477A5D6152DB}.Release|x86.ActiveCfg = Release|Win32
		{99DD931B-8B11-421D-9A7D-477A5D6152DB}.Release|x86.Build.0 = Release|Win32
		{4F6086B3-2490-4854-A736-C5EA66815707}.Debug|Any CPU.ActiveCfg = Debug|x64
		{4F6086B3-2490-4854-A736-C5EA66815707}.Debug|Any CPU.Build.0 = Debug|x64
		{4F6086B3-2490-4854-A736-C5EA66815707}.Debug|x64.ActiveCfg = Debug|x64
		{4F6086B3-2490-4854-A736-C5EA66815707}.Debug|x64.Build.0 = Debug|x64
		{4F6086B3-2490-4854-A736-C5EA66815707}.Debug|x86.ActiveCfg = Debug|Win32
		{4F6086B3-2490-4854-A736-C5EA66815707}.Debug|x86.Build.0 = Debug|Win32
		{4F6086B3-2490-4854-A736-C5EA66815707}.Release|Any CPU.ActiveCfg = Release|x64
		{4F6086B3-2490-4854-A736-C5EA66815707}.Release|Any CPU.Build.0 = Release|x64
		{4F6086B3-2490-4854-A736-C5EA66815707}.Release|x64.ActiveCfg = Release|x64
		{4F6086B3-2490-4854-A736-C5EA66815707}.Release|x64.Build.0 = Release|x64
		{4F6086B3-2490-4854-A736-C5EA66815707}.Release|x86.ActiveCfg = Release|Win32
		{4F6086B3-2490-4854-A736-C5EA66815707}.Release|x86.Build.0 = Release|Win32
		{2E653BB9-45B8-4FF2-906F-DB995A2CE937}.Debug|Any CPU.ActiveCfg = Debug|x64
		{2E653BB9-45B8-4FF2-906F-DB995A2CE937}.Debug|Any CPU.Build.0 = Debug|x64
		{2E653BB9-45B8-4FF2-906F-DB995A2CE937}.Debug|x64.ActiveCfg = Debug|x64
		{2E653BB9-45B8-4FF2-906F-DB995A2CE937}.Debug|x64.Build.0 = Debug|x64
		{2E653BB9-45B8-4FF2-906F-DB995A2CE937}.Debug|x86.ActiveCfg = Debug|Win32
		{2E653BB9-45B8-4FF2-906F-DB995A2CE937}.Debug|x86.Build.0 = Debug|Win32
		{2E653BB9-45B8-4FF2-906F-DB995A2CE937}.Release|Any CPU.ActiveCfg = Release|x64
		{2E653BB9-45B8-4FF2-906F-DB995A2CE937}.Release|Any CPU.Build.0 = Release|x64
		{2E653BB9-45B8-4FF2-906F-DB995A2CE937}.Release|x64.ActiveCfg = Release|x64
		{2E653BB9-45B8-4FF2-906F-DB995A2CE937}.Release|x64.Build.0 = Release|x64
		{2E653BB9-45B8-4FF2-906F-DB995A2CE937}.Release|x86.ActiveCfg = Release|Win32
		{2E653BB9-45B8-4FF2-906F-DB995A2CE937}.Release|x86.Build.0 = Release|Win32
		{3D3A43A1-972F-423D-A96C-A3F61ABB8B11}.Debug|Any CPU.ActiveCfg = Debug|x64
		{3D3A43A1-972F-423D-A96C-A3F61ABB8B11}.Debug|Any CPU.Build.0 = Debug|x64
		{3D3A43A1-972F-423D-A96C-A3F61ABB8B11}.Debug|x64.ActiveCfg = Debug|x64
		{3D3A43A1-972F-423D-A96C-A3F61ABB8B11}.Debug|x64.Build.0 = Debug|x64
		{3D3A43A1-972F-423D-A96C-A3F61ABB8B11}.Debug|x86.ActiveCfg = Debug|Win32
		{3D3A43A1-972F-423D-A96C-A3F61ABB8B11}.Debug|x86.Build.0 = Debug|Win32
		{3D3A43A1-972F-423D-A96C-A3F61ABB8B11}.Release|Any CPU.ActiveCfg = Release|x64
		{3D3A43A1-972F-423D-A96C-A3F61ABB8B11}.Release|Any CPU.Build.0 = Release|x64
		{3D3A43A1-972F-423D-A96C-A3F61ABB8B11}.Release|x64.ActiveCfg = Release|x64
		{3D3A43A1-972F-423D-A96C-A3F61ABB8B11}.Release|x64.Build.0 = Release|x64
		{3D3A43A1-972F-423D-A96C-A3F61ABB8B11}.Release|x86.ActiveCfg = Release|Win32
		{3D3A43A1-972F-423D-A96C-A3F61ABB8B11}.Release|x86.Build.0 = Release|Win32
		{1430ACF8-B1A2-4479-995A-245543415A95}.Debug|Any CPU.ActiveCfg = Debug|Any CPU
		{1430ACF8-B1A2-4479-995A-245543415A95}.Debug|Any CPU.Build.0 = Debug|Any CPU
		{1430ACF8-B1A2-4479-995A-245543415A95}.Debug|x64.ActiveCfg = Debug|Any CPU
		{1430ACF8-B1A2-4479-995A-245543415A95}.Debug|x64.Build.0 = Debug|Any CPU
		{1430ACF8-B1A2-4479-995A-245543415A95}.Debug|x86.ActiveCfg = Debug|Any CPU
		{1430ACF8-B1A2-4479-995A-245543415A95}.Debug|x86.Build.0 = Debug|Any CPU
		{1430ACF8-B1A2-4479-995A-245543415A95}.Release|Any CPU.ActiveCfg = Release|Any CPU
		{1430ACF8-B1A2-4479-995A-245543415A95}.Release|Any CPU.Build.0 = Release|Any CPU
		{1430ACF8-B1A2-4479-995A-245543415A95}.Release|x64.ActiveCfg = Release|Any CPU
		{1430ACF8-B1A2-4479-995A-245543415A95}.Release|x64.Build.0 = Release|Any CPU
		{1430ACF8-B1A2-4479-995A-245543415A95}.Release|x86.ActiveCfg = Release|Any CPU
		{1430ACF8-B1A2-4479-995A-245543415A95}.Release|x86.Build.0 = Release|Any CPU
		{A02F5D1C-65CE-47A0-B074-772379184D56}.Debug|Any CPU.ActiveCfg = Debug|x64
		{A02F5D1C-65CE-47A0-B074-772379184D56}.Debug|Any CPU.Build.0 = Debug|x64
		{A02F5D1C-65CE-47A0-B074-772379184D56}.Debug|x64.ActiveCfg = Debug|x64
		{A02F5D1C-65CE-47A0-B074-772379184D56}.Debug|x64.Build.0 = Debug|x64
		{A02F5D1C-65CE-47A0-B074-772379184D56}.Debug|x86.ActiveCfg = Debug|Win32
		{A02F5D1C-65CE-47A0-B074-772379184D56}.Debug|x86.Build.0 = Debug|Win32
		{A02F5D1C-65CE-47A0-B074-772379184D56}.Release|Any CPU.ActiveCfg = Release|x64
		{A02F5D1C-65CE-47A0-B074-772379184D56}.Release|Any CPU.Build.0 = Release|x64
		{A02F5D1C-65CE-47A0-B074-772379184D56}.Release|x64.ActiveCfg = Release|x64
		{A02F5D1C-65CE-47A0-B074-772379184D56}.Release|x64.Build.0 = Release|x64
		{A02F5D1C-65CE-47A0-B074-772379184D56}.Release|x86.ActiveCfg = Release|Win32
		{A02F5D1C-65CE-47A0-B074-772379184D56}.Release|x86.Build.0 = Release|Win32
		{8D5AAEBF-D4F1-4C4F-BFA3-676CE7FAA5ED}.Debug|Any CPU.ActiveCfg = Debug|x64
		{8D5AAEBF-D4F1-4C4F-BFA3-676CE7FAA5ED}.Debug|Any CPU.Build.0 = Debug|x64
		{8D5AAEBF-D4F1-4C4F-BFA3-676CE7FAA5ED}.Debug|x64.ActiveCfg = Debug|x64
		{8D5AAEBF-D4F1-4C4F-BFA3-676CE7FAA5ED}.Debug|x64.Build.0 = Debug|x64
		{8D5AAEBF-D4F1-4C4F-BFA3-676CE7FAA5ED}.Debug|x86.ActiveCfg = Debug|Win32
		{8D5AAEBF-D4F1-4C4F-BFA3-676CE7FAA5ED}.Debug|x86.Build.0 = Debug|Win32
		{8D5AAEBF-D4F1-4C4F-BFA3-676CE7FAA5ED}.Release|Any CPU.ActiveCfg = Release|x64
		{8D5AAEBF-D4F1-4C4F-BFA3-676CE7FAA5ED}.Release|Any CPU.Build.0 = Release|x64
		{8D5AAEBF-D4F1-4C4F-BFA3-676CE7FAA5ED}.Release|x64.ActiveCfg = Release|x64
		{8D5AAEBF-D4F1-4C4F-BFA3-676CE7FAA5ED}.Release|x64.Build.0 = Release|x64
		{8D5AAEBF-D4F1-4C4F-BFA3-676CE7FAA5ED}.Release|x86.ActiveCfg = Release|Win32
		{8D5AAEBF-D4F1-4C4F-BFA3-676CE7FAA5ED}.Release|x86.Build.0 = Release|Win32
		{009E8E01-DDCD-4FFA-B9A3-62F1083AE0D9}.Debug|Any CPU.ActiveCfg = Debug|Any CPU
		{009E8E01-DDCD-4FFA-B9A3-62F1083AE0D9}.Debug|Any CPU.Build.0 = Debug|Any CPU
		{009E8E01-DDCD-4FFA-B9A3-62F1083AE0D9}.Debug|x64.ActiveCfg = Debug|Any CPU
		{009E8E01-DDCD-4FFA-B9A3-62F1083AE0D9}.Debug|x64.Build.0 = Debug|Any CPU
		{009E8E01-DDCD-4FFA-B9A3-62F1083AE0D9}.Debug|x86.ActiveCfg = Debug|Any CPU
		{009E8E01-DDCD-4FFA-B9A3-62F1083AE0D9}.Debug|x86.Build.0 = Debug|Any CPU
		{009E8E01-DDCD-4FFA-B9A3-62F1083AE0D9}.Release|Any CPU.ActiveCfg = Release|Any CPU
		{009E8E01-DDCD-4FFA-B9A3-62F1083AE0D9}.Release|Any CPU.Build.0 = Release|Any CPU
		{009E8E01-DDCD-4FFA-B9A3-62F1083AE0D9}.Release|x64.ActiveCfg = Release|Any CPU
		{009E8E01-DDCD-4FFA-B9A3-62F1083AE0D9}.Release|x64.Build.0 = Release|Any CPU
		{009E8E01-DDCD-4FFA-B9A3-62F1083AE0D9}.Release|x86.ActiveCfg = Release|Any CPU
		{009E8E01-DDCD-4FFA-B9A3-62F1083AE0D9}.Release|x86.Build.0 = Release|Any CPU
		{5925BE62-7E52-412C-A183-6ABCBCE5D7A0}.Debug|Any CPU.ActiveCfg = Debug|Any CPU
		{5925BE62-7E52-412C-A183-6ABCBCE5D7A0}.Debug|Any CPU.Build.0 = Debug|Any CPU
		{5925BE62-7E52-412C-A183-6ABCBCE5D7A0}.Debug|x64.ActiveCfg = Debug|Any CPU
		{5925BE62-7E52-412C-A183-6ABCBCE5D7A0}.Debug|x64.Build.0 = Debug|Any CPU
		{5925BE62-7E52-412C-A183-6ABCBCE5D7A0}.Debug|x86.ActiveCfg = Debug|Any CPU
		{5925BE62-7E52-412C-A183-6ABCBCE5D7A0}.Debug|x86.Build.0 = Debug|Any CPU
		{5925BE62-7E52-412C-A183-6ABCBCE5D7A0}.Release|Any CPU.ActiveCfg = Release|Any CPU
		{5925BE62-7E52-412C-A183-6ABCBCE5D7A0}.Release|Any CPU.Build.0 = Release|Any CPU
		{5925BE62-7E52-412C-A183-6ABCBCE5D7A0}.Release|x64.ActiveCfg = Release|Any CPU
		{5925BE62-7E52-412C-A183-6ABCBCE5D7A0}.Release|x64.Build.0 = Release|Any CPU
		{5925BE62-7E52-412C-A183-6ABCBCE5D7A0}.Release|x86.ActiveCfg = Release|Any CPU
		{5925BE62-7E52-412C-A183-6ABCBCE5D7A0}.Release|x86.Build.0 = Release|Any CPU
		{2D90A129-3B67-435C-87B0-66DAD73EF2EB}.Debug|Any CPU.ActiveCfg = Debug|x64
		{2D90A129-3B67-435C-87B0-66DAD73EF2EB}.Debug|Any CPU.Build.0 = Debug|x64
		{2D90A129-3B67-435C-87B0-66DAD73EF2EB}.Debug|x64.ActiveCfg = Debug|x64
		{2D90A129-3B67-435C-87B0-66DAD73EF2EB}.Debug|x64.Build.0 = Debug|x64
		{2D90A129-3B67-435C-87B0-66DAD73EF2EB}.Debug|x86.ActiveCfg = Debug|Win32
		{2D90A129-3B67-435C-87B0-66DAD73EF2EB}.Debug|x86.Build.0 = Debug|Win32
		{2D90A129-3B67-435C-87B0-66DAD73EF2EB}.Release|Any CPU.ActiveCfg = Release|x64
		{2D90A129-3B67-435C-87B0-66DAD73EF2EB}.Release|Any CPU.Build.0 = Release|x64
		{2D90A129-3B67-435C-87B0-66DAD73EF2EB}.Release|x64.ActiveCfg = Release|x64
		{2D90A129-3B67-435C-87B0-66DAD73EF2EB}.Release|x64.Build.0 = Release|x64
		{2D90A129-3B67-435C-87B0-66DAD73EF2EB}.Release|x86.ActiveCfg = Release|Win32
		{2D90A129-3B67-435C-87B0-66DAD73EF2EB}.Release|x86.Build.0 = Release|Win32
		{47916B0F-D400-453A-BA53-455CFC88C99F}.Debug|Any CPU.ActiveCfg = Debug|Any CPU
		{47916B0F-D400-453A-BA53-455CFC88C99F}.Debug|Any CPU.Build.0 = Debug|Any CPU
		{47916B0F-D400-453A-BA53-455CFC88C99F}.Debug|x64.ActiveCfg = Debug|Any CPU
		{47916B0F-D400-453A-BA53-455CFC88C99F}.Debug|x64.Build.0 = Debug|Any CPU
		{47916B0F-D400-453A-BA53-455CFC88C99F}.Debug|x86.ActiveCfg = Debug|Any CPU
		{47916B0F-D400-453A-BA53-455CFC88C99F}.Debug|x86.Build.0 = Debug|Any CPU
		{47916B0F-D400-453A-BA53-455CFC88C99F}.Release|Any CPU.ActiveCfg = Release|Any CPU
		{47916B0F-D400-453A-BA53-455CFC88C99F}.Release|Any CPU.Build.0 = Release|Any CPU
		{47916B0F-D400-453A-BA53-455CFC88C99F}.Release|x64.ActiveCfg = Release|Any CPU
		{47916B0F-D400-453A-BA53-455CFC88C99F}.Release|x64.Build.0 = Release|Any CPU
		{47916B0F-D400-453A-BA53-455CFC88C99F}.Release|x86.ActiveCfg = Release|Any CPU
		{47916B0F-D400-453A-BA53-455CFC88C99F}.Release|x86.Build.0 = Release|Any CPU
		{07D10BE2-50A7-470D-9327-8BBDC17CF7B7}.Debug|Any CPU.ActiveCfg = Debug|x64
		{07D10BE2-50A7-470D-9327-8BBDC17CF7B7}.Debug|Any CPU.Build.0 = Debug|x64
		{07D10BE2-50A7-470D-9327-8BBDC17CF7B7}.Debug|x64.ActiveCfg = Debug|x64
		{07D10BE2-50A7-470D-9327-8BBDC17CF7B7}.Debug|x64.Build.0 = Debug|x64
		{07D10BE2-50A7-470D-9327-8BBDC17CF7B7}.Debug|x86.ActiveCfg = Debug|Win32
		{07D10BE2-50A7-470D-9327-8BBDC17CF7B7}.Debug|x86.Build.0 = Debug|Win32
		{07D10BE2-50A7-470D-9327-8BBDC17CF7B7}.Release|Any CPU.ActiveCfg = Release|x64
		{07D10BE2-50A7-470D-9327-8BBDC17CF7B7}.Release|Any CPU.Build.0 = Release|x64
		{07D10BE2-50A7-470D-9327-8BBDC17CF7B7}.Release|x64.ActiveCfg = Release|x64
		{07D10BE2-50A7-470D-9327-8BBDC17CF7B7}.Release|x64.Build.0 = Release|x64
		{07D10BE2-50A7-470D-9327-8BBDC17CF7B7}.Release|x86.ActiveCfg = Release|Win32
		{07D10BE2-50A7-470D-9327-8BBDC17CF7B7}.Release|x86.Build.0 = Release|Win32
		{8A2DB87B-4B9A-49E2-9685-D9A31C1D2880}.Debug|Any CPU.ActiveCfg = Debug|x64
		{8A2DB87B-4B9A-49E2-9685-D9A31C1D2880}.Debug|Any CPU.Build.0 = Debug|x64
		{8A2DB87B-4B9A-49E2-9685-D9A31C1D2880}.Debug|x64.ActiveCfg = Debug|x64
		{8A2DB87B-4B9A-49E2-9685-D9A31C1D2880}.Debug|x64.Build.0 = Debug|x64
		{8A2DB87B-4B9A-49E2-9685-D9A31C1D2880}.Debug|x86.ActiveCfg = Debug|Win32
		{8A2DB87B-4B9A-49E2-9685-D9A31C1D2880}.Debug|x86.Build.0 = Debug|Win32
		{8A2DB87B-4B9A-49E2-9685-D9A31C1D2880}.Release|Any CPU.ActiveCfg = Release|x64
		{8A2DB87B-4B9A-49E2-9685-D9A31C1D2880}.Release|Any CPU.Build.0 = Release|x64
		{8A2DB87B-4B9A-49E2-9685-D9A31C1D2880}.Release|x64.ActiveCfg = Release|x64
		{8A2DB87B-4B9A-49E2-9685-D9A31C1D2880}.Release|x64.Build.0 = Release|x64
		{8A2DB87B-4B9A-49E2-9685-D9A31C1D2880}.Release|x86.ActiveCfg = Release|Win32
		{8A2DB87B-4B9A-49E2-9685-D9A31C1D2880}.Release|x86.Build.0 = Release|Win32
	EndGlobalSection
	GlobalSection(SolutionProperties) = preSolution
		HideSolutionNode = FALSE
	EndGlobalSection
	GlobalSection(ExtensibilityGlobals) = postSolution
		SolutionGuid = {86D2C769-51FE-44B0-86D3-18B9D55FC721}
	EndGlobalSection
EndGlobal
