<?xml version="1.0" encoding="utf-8"?>
<Project ToolsVersion="4.0" xmlns="http://schemas.microsoft.com/developer/msbuild/2003">
  <ItemGroup>
    <ClCompile Include="main.cpp" />
    <ClCompile Include="SteamStartAch.cpp" />
    <ClCompile Include="SteamStatus.cpp" />
    <ClCompile Include="WindowCallback.cpp" />
    <ClCompile Include="ConsoleCallback.cpp" />
    <ClCompile Include="Controller.cpp" />
  </ItemGroup>
  <ItemGroup>
    <Filter Include="RES">
      <UniqueIdentifier>{f4ee9130-1d87-40dc-b6e0-70b8711160f7}</UniqueIdentifier>
    </Filter>
  </ItemGroup>
  <ItemGroup>
    <ResourceCompile Include="App.rc">
      <Filter>RES</Filter>
    </ResourceCompile>
  </ItemGroup>
  <ItemGroup>
    <Image Include="..\x64\Debug\bin\icon.ico">
      <Filter>RES</Filter>
    </Image>
    <Image Include="..\x64\Debug\bin\app_roundicon.ico">
      <Filter>RES</Filter>
    </Image>
    <Image Include="..\x64\Debug\bin\app_recticon.ico">
      <Filter>RES</Filter>
    </Image>
  </ItemGroup>
  <ItemGroup>
    <ClInclude Include="resource.h">
      <Filter>RES</Filter>
    </ClInclude>
    <ClInclude Include="SteamStartAch.h" />
    <ClInclude Include="SteamStatus.h" />
    <ClInclude Include="ErrorDispatcher.h" />
    <ClInclude Include="api.h" />
    <ClInclude Include="ConvertChars2.h" />
    <ClInclude Include="OMath.h" />
    <ClInclude Include="WindowCallback.h" />
    <ClInclude Include="ConsoleCallback.h" />
    <ClInclude Include="..\_GENERIC_CODE\defs.h" />
    <ClInclude Include="Controller.h" />
  </ItemGroup>
  <ItemGroup>
    <None Include="steam_api64.dll" />
  </ItemGroup>
  <ItemGroup>
    <Library Include="steam_api64.lib" />
  </ItemGroup>
  <ItemGroup>
    <Manifest Include="app.manifest" />
  </ItemGroup>
</Project>